
Microsoft Visual Studio Solution File, Format Version 12.00
# Visual Studio 14
VisualStudioVersion = 14.0.23107.0
MinimumVisualStudioVersion = 10.0.40219.1
Project("{FAE04EC0-301F-11D3-BF4B-00C04F79EFBC}") = "CodeConnect.Gistify.Extension", "CodeConnect.Gistify.Extension\CodeConnect.Gistify.Extension.csproj", "{C3732A23-52DD-4434-B808-F65BE7FC87DF}"
EndProject
Project("{FAE04EC0-301F-11D3-BF4B-00C04F79EFBC}") = "CodeConnect.Gistify.Tests", "CodeConnect.Gistify.Tests\CodeConnect.Gistify.Tests.csproj", "{83784E7E-4655-4749-B099-3C858F682632}"
EndProject
Project("{FAE04EC0-301F-11D3-BF4B-00C04F79EFBC}") = "CodeConnect.Gistify.Engine", "CodeConnect.Gistify.Engine\CodeConnect.Gistify.Engine.csproj", "{E69B2ECE-7A34-4A9D-8FA9-7DA36FD0B914}"
EndProject
Global
	GlobalSection(SolutionConfigurationPlatforms) = preSolution
		Debug|Any CPU = Debug|Any CPU
		Release|Any CPU = Release|Any CPU
	EndGlobalSection
	GlobalSection(ProjectConfigurationPlatforms) = postSolution
		{C3732A23-52DD-4434-B808-F65BE7FC87DF}.Debug|Any CPU.ActiveCfg = Debug|Any CPU
		{C3732A23-52DD-4434-B808-F65BE7FC87DF}.Debug|Any CPU.Build.0 = Debug|Any CPU
		{C3732A23-52DD-4434-B808-F65BE7FC87DF}.Release|Any CPU.ActiveCfg = Release|Any CPU
		{C3732A23-52DD-4434-B808-F65BE7FC87DF}.Release|Any CPU.Build.0 = Release|Any CPU
		{83784E7E-4655-4749-B099-3C858F682632}.Debug|Any CPU.ActiveCfg = Debug|Any CPU
		{83784E7E-4655-4749-B099-3C858F682632}.Debug|Any CPU.Build.0 = Debug|Any CPU
		{83784E7E-4655-4749-B099-3C858F682632}.Release|Any CPU.ActiveCfg = Release|Any CPU
		{83784E7E-4655-4749-B099-3C858F682632}.Release|Any CPU.Build.0 = Release|Any CPU
		{E69B2ECE-7A34-4A9D-8FA9-7DA36FD0B914}.Debug|Any CPU.ActiveCfg = Debug|Any CPU
		{E69B2ECE-7A34-4A9D-8FA9-7DA36FD0B914}.Debug|Any CPU.Build.0 = Debug|Any CPU
		{E69B2ECE-7A34-4A9D-8FA9-7DA36FD0B914}.Release|Any CPU.ActiveCfg = Release|Any CPU
		{E69B2ECE-7A34-4A9D-8FA9-7DA36FD0B914}.Release|Any CPU.Build.0 = Release|Any CPU
	EndGlobalSection
	GlobalSection(SolutionProperties) = preSolution
		HideSolutionNode = FALSE
	EndGlobalSection
EndGlobal
